
Microsoft Visual Studio Solution File, Format Version 12.00
# Visual Studio Version 16
VisualStudioVersion = 16.0.31229.75
MinimumVisualStudioVersion = 10.0.40219.1
Project("{FAE04EC0-301F-11D3-BF4B-00C04F79EFBC}") = "SetupTools", "SetupTools.csproj", "{2D11F3BA-25FD-4217-85B2-5EE953AEFBAA}"
EndProject
Global
	GlobalSection(SolutionConfigurationPlatforms) = preSolution
		Debug|Any CPU = Debug|Any CPU
		Release|Any CPU = Release|Any CPU
	EndGlobalSection
	GlobalSection(ProjectConfigurationPlatforms) = postSolution
		{2D11F3BA-25FD-4217-85B2-5EE953AEFBAA}.Debug|Any CPU.ActiveCfg = Debug|Any CPU
		{2D11F3BA-25FD-4217-85B2-5EE953AEFBAA}.Debug|Any CPU.Build.0 = Debug|Any CPU
		{2D11F3BA-25FD-4217-85B2-5EE953AEFBAA}.Release|Any CPU.ActiveCfg = Release|Any CPU
		{2D11F3BA-25FD-4217-85B2-5EE953AEFBAA}.Release|Any CPU.Build.0 = Release|Any CPU
	EndGlobalSection
	GlobalSection(SolutionProperties) = preSolution
		HideSolutionNode = FALSE
	EndGlobalSection
	GlobalSection(ExtensibilityGlobals) = postSolution
		SolutionGuid = {09B7070C-FC87-4113-89BB-55B86A9FE597}
	EndGlobalSection
EndGlobal
